
Microsoft Visual Studio Solution File, Format Version 12.00
# Visual Studio Version 16
VisualStudioVersion = 16.0.29123.88
MinimumVisualStudioVersion = 10.0.40219.1
Project("{888888A0-9F3D-457C-B088-3A5042F75D52}") = "HELP", "HELP.pyproj", "{96488A72-BD41-4B61-B148-00775D402C0E}"
EndProject
Global
	GlobalSection(SolutionConfigurationPlatforms) = preSolution
		Debug|Any CPU = Debug|Any CPU
		Release|Any CPU = Release|Any CPU
	EndGlobalSection
	GlobalSection(ProjectConfigurationPlatforms) = postSolution
		{96488A72-BD41-4B61-B148-00775D402C0E}.Debug|Any CPU.ActiveCfg = Debug|Any CPU
		{96488A72-BD41-4B61-B148-00775D402C0E}.Debug|Any CPU.Build.0 = Debug|Any CPU
		{96488A72-BD41-4B61-B148-00775D402C0E}.Release|Any CPU.ActiveCfg = Release|Any CPU
		{96488A72-BD41-4B61-B148-00775D402C0E}.Release|Any CPU.Build.0 = Release|Any CPU
	EndGlobalSection
	GlobalSection(SolutionProperties) = preSolution
		HideSolutionNode = FALSE
	EndGlobalSection
	GlobalSection(ExtensibilityGlobals) = postSolution
		SolutionGuid = {83B79E42-6710-475C-A535-78AB9542DDF3}
	EndGlobalSection
EndGlobal
