
Microsoft Visual Studio Solution File, Format Version 12.00
# Visual Studio Version 16
VisualStudioVersion = 16.0.28803.202
MinimumVisualStudioVersion = 10.0.40219.1
Project("{888888A0-9F3D-457C-B088-3A5042F75D52}") = "HELP", "HELP.pyproj", "{AC4CF3C1-C4E1-4975-BC05-E142AE7F774B}"
EndProject
Global
	GlobalSection(SolutionConfigurationPlatforms) = preSolution
		Debug|Any CPU = Debug|Any CPU
		Release|Any CPU = Release|Any CPU
	EndGlobalSection
	GlobalSection(ProjectConfigurationPlatforms) = postSolution
		{AC4CF3C1-C4E1-4975-BC05-E142AE7F774B}.Debug|Any CPU.ActiveCfg = Debug|Any CPU
		{AC4CF3C1-C4E1-4975-BC05-E142AE7F774B}.Debug|Any CPU.Build.0 = Debug|Any CPU
		{AC4CF3C1-C4E1-4975-BC05-E142AE7F774B}.Release|Any CPU.ActiveCfg = Release|Any CPU
		{AC4CF3C1-C4E1-4975-BC05-E142AE7F774B}.Release|Any CPU.Build.0 = Release|Any CPU
	EndGlobalSection
	GlobalSection(SolutionProperties) = preSolution
		HideSolutionNode = FALSE
	EndGlobalSection
	GlobalSection(ExtensibilityGlobals) = postSolution
		SolutionGuid = {2C98F63D-F3B3-412B-B727-2EA73BA8A0A3}
	EndGlobalSection
EndGlobal
